
Microsoft Visual Studio Solution File, Format Version 10.00
# Visual Studio 2008
Project("{8BC9CEB8-8B4A-11D0-8D11-00A0C91BC942}") = "ServerTest", "ServerTest\ServerTest.vcproj", "{7C84EF2D-1EF8-468B-82E0-34078B2ED51E}"
EndProject
Global
	GlobalSection(SolutionConfigurationPlatforms) = preSolution
		Debug|Win32 = Debug|Win32
		Release|Win32 = Release|Win32
	EndGlobalSection
	GlobalSection(ProjectConfigurationPlatforms) = postSolution
		{7C84EF2D-1EF8-468B-82E0-34078B2ED51E}.Debug|Win32.ActiveCfg = Debug|Win32
		{7C84EF2D-1EF8-468B-82E0-34078B2ED51E}.Debug|Win32.Build.0 = Debug|Win32
		{7C84EF2D-1EF8-468B-82E0-34078B2ED51E}.Release|Win32.ActiveCfg = Release|Win32
		{7C84EF2D-1EF8-468B-82E0-34078B2ED51E}.Release|Win32.Build.0 = Release|Win32
	EndGlobalSection
	GlobalSection(SolutionProperties) = preSolution
		HideSolutionNode = FALSE
	EndGlobalSection
EndGlobal
