
Microsoft Visual Studio Solution File, Format Version 12.00
# Visual Studio 14
VisualStudioVersion = 14.0.23107.0
MinimumVisualStudioVersion = 10.0.40219.1
Project("{8BC9CEB8-8B4A-11D0-8D11-00A0C91BC942}") = "TcpClient", "TcpClient\TcpClient.vcxproj", "{A0717BC4-0EA1-44FF-82A1-9DFD80DAC13E}"
EndProject
Project("{8BC9CEB8-8B4A-11D0-8D11-00A0C91BC942}") = "Demo", "Demo\Demo.vcxproj", "{B8A55B99-C1F8-4BA1-A24A-D8B25FF28961}"
EndProject
Global
	GlobalSection(SolutionConfigurationPlatforms) = preSolution
		Debug|x64 = Debug|x64
		Debug|x86 = Debug|x86
		Release|x64 = Release|x64
		Release|x86 = Release|x86
	EndGlobalSection
	GlobalSection(ProjectConfigurationPlatforms) = postSolution
		{A0717BC4-0EA1-44FF-82A1-9DFD80DAC13E}.Debug|x64.ActiveCfg = Debug|x64
		{A0717BC4-0EA1-44FF-82A1-9DFD80DAC13E}.Debug|x64.Build.0 = Debug|x64
		{A0717BC4-0EA1-44FF-82A1-9DFD80DAC13E}.Debug|x86.ActiveCfg = Debug|Win32
		{A0717BC4-0EA1-44FF-82A1-9DFD80DAC13E}.Debug|x86.Build.0 = Debug|Win32
		{A0717BC4-0EA1-44FF-82A1-9DFD80DAC13E}.Release|x64.ActiveCfg = Release|x64
		{A0717BC4-0EA1-44FF-82A1-9DFD80DAC13E}.Release|x64.Build.0 = Release|x64
		{A0717BC4-0EA1-44FF-82A1-9DFD80DAC13E}.Release|x86.ActiveCfg = Release|Win32
		{A0717BC4-0EA1-44FF-82A1-9DFD80DAC13E}.Release|x86.Build.0 = Release|Win32
		{B8A55B99-C1F8-4BA1-A24A-D8B25FF28961}.Debug|x64.ActiveCfg = Debug|x64
		{B8A55B99-C1F8-4BA1-A24A-D8B25FF28961}.Debug|x64.Build.0 = Debug|x64
		{B8A55B99-C1F8-4BA1-A24A-D8B25FF28961}.Debug|x86.ActiveCfg = Debug|Win32
		{B8A55B99-C1F8-4BA1-A24A-D8B25FF28961}.Debug|x86.Build.0 = Debug|Win32
		{B8A55B99-C1F8-4BA1-A24A-D8B25FF28961}.Release|x64.ActiveCfg = Release|x64
		{B8A55B99-C1F8-4BA1-A24A-D8B25FF28961}.Release|x64.Build.0 = Release|x64
		{B8A55B99-C1F8-4BA1-A24A-D8B25FF28961}.Release|x86.ActiveCfg = Release|Win32
		{B8A55B99-C1F8-4BA1-A24A-D8B25FF28961}.Release|x86.Build.0 = Release|Win32
	EndGlobalSection
	GlobalSection(SolutionProperties) = preSolution
		HideSolutionNode = FALSE
	EndGlobalSection
EndGlobal
